// !$*UTF8*$!
{
	archiveVersion = 1;
	classes = {
	};
	objectVersion = 50;
	objects = {

/* Begin PBXBuildFile section */
		559EFCA622E8521C00E2C987 /* AppDelegate.m in Sources */ = {isa = PBXBuildFile; fileRef = 559EFCA522E8521C00E2C987 /* AppDelegate.m */; };
		559EFCA922E8521C00E2C987 /* ViewController.m in Sources */ = {isa = PBXBuildFile; fileRef = 559EFCA822E8521C00E2C987 /* ViewController.m */; };
		559EFCAC22E8521C00E2C987 /* Main.storyboard in Resources */ = {isa = PBXBuildFile; fileRef = 559EFCAA22E8521C00E2C987 /* Main.storyboard */; };
		559EFCAE22E8521D00E2C987 /* Assets.xcassets in Resources */ = {isa = PBXBuildFile; fileRef = 559EFCAD22E8521D00E2C987 /* Assets.xcassets */; };
		559EFCB122E8521D00E2C987 /* LaunchScreen.storyboard in Resources */ = {isa = PBXBuildFile; fileRef = 559EFCAF22E8521D00E2C987 /* LaunchScreen.storyboard */; };
		559EFCB422E8521D00E2C987 /* main.m in Sources */ = {isa = PBXBuildFile; fileRef = 559EFCB322E8521D00E2C987 /* main.m */; };
		55A7EFA822E85A920010BD1A /* NSLayoutConstraint+MASDebugAdditions.m in Sources */ = {isa = PBXBuildFile; fileRef = 55A7EF9022E85A920010BD1A /* NSLayoutConstraint+MASDebugAdditions.m */; };
		55A7EFA922E85A920010BD1A /* ViewController+MASAdditions.m in Sources */ = {isa = PBXBuildFile; fileRef = 55A7EF9922E85A920010BD1A /* ViewController+MASAdditions.m */; };
		55A7EFAA22E85A920010BD1A /* MASCompositeConstraint.m in Sources */ = {isa = PBXBuildFile; fileRef = 55A7EF9D22E85A920010BD1A /* MASCompositeConstraint.m */; };
		55A7EFAB22E85A920010BD1A /* MASConstraintMaker.m in Sources */ = {isa = PBXBuildFile; fileRef = 55A7EF9E22E85A920010BD1A /* MASConstraintMaker.m */; };
		55A7EFAC22E85A920010BD1A /* MASLayoutConstraint.m in Sources */ = {isa = PBXBuildFile; fileRef = 55A7EF9F22E85A920010BD1A /* MASLayoutConstraint.m */; };
		55A7EFAD22E85A920010BD1A /* NSArray+MASAdditions.m in Sources */ = {isa = PBXBuildFile; fileRef = 55A7EFA022E85A920010BD1A /* NSArray+MASAdditions.m */; };
		55A7EFAE22E85A920010BD1A /* View+MASAdditions.m in Sources */ = {isa = PBXBuildFile; fileRef = 55A7EFA122E85A920010BD1A /* View+MASAdditions.m */; };
		55A7EFAF22E85A920010BD1A /* MASConstraint.m in Sources */ = {isa = PBXBuildFile; fileRef = 55A7EFA422E85A920010BD1A /* MASConstraint.m */; };
		55A7EFB022E85A920010BD1A /* MASViewConstraint.m in Sources */ = {isa = PBXBuildFile; fileRef = 55A7EFA622E85A920010BD1A /* MASViewConstraint.m */; };
		55A7EFB122E85A920010BD1A /* MASViewAttribute.m in Sources */ = {isa = PBXBuildFile; fileRef = 55A7EFA722E85A920010BD1A /* MASViewAttribute.m */; };
/* End PBXBuildFile section */

/* Begin PBXFileReference section */
		559EFCA122E8521C00E2C987 /* UIQuickDemo.app */ = {isa = PBXFileReference; explicitFileType = wrapper.application; includeInIndex = 0; path = UIQuickDemo.app; sourceTree = BUILT_PRODUCTS_DIR; };
		559EFCA422E8521C00E2C987 /* AppDelegate.h */ = {isa = PBXFileReference; lastKnownFileType = sourcecode.c.h; path = AppDelegate.h; sourceTree = "<group>"; };
		559EFCA522E8521C00E2C987 /* AppDelegate.m */ = {isa = PBXFileReference; lastKnownFileType = sourcecode.c.objc; path = AppDelegate.m; sourceTree = "<group>"; };
		559EFCA722E8521C00E2C987 /* ViewController.h */ = {isa = PBXFileReference; lastKnownFileType = sourcecode.c.h; path = ViewController.h; sourceTree = "<group>"; };
		559EFCA822E8521C00E2C987 /* ViewController.m */ = {isa = PBXFileReference; lastKnownFileType = sourcecode.c.objc; path = ViewController.m; sourceTree = "<group>"; };
		559EFCAB22E8521C00E2C987 /* Base */ = {isa = PBXFileReference; lastKnownFileType = file.storyboard; name = Base; path = Base.lproj/Main.storyboard; sourceTree = "<group>"; };
		559EFCAD22E8521D00E2C987 /* Assets.xcassets */ = {isa = PBXFileReference; lastKnownFileType = folder.assetcatalog; path = Assets.xcassets; sourceTree = "<group>"; };
		559EFCB022E8521D00E2C987 /* Base */ = {isa = PBXFileReference; lastKnownFileType = file.storyboard; name = Base; path = Base.lproj/LaunchScreen.storyboard; sourceTree = "<group>"; };
		559EFCB222E8521D00E2C987 /* Info.plist */ = {isa = PBXFileReference; lastKnownFileType = text.plist.xml; path = Info.plist; sourceTree = "<group>"; };
		559EFCB322E8521D00E2C987 /* main.m */ = {isa = PBXFileReference; lastKnownFileType = sourcecode.c.objc; path = main.m; sourceTree = "<group>"; };
		55A7EF8F22E85A920010BD1A /* MASCompositeConstraint.h */ = {isa = PBXFileReference; fileEncoding = 4; lastKnownFileType = sourcecode.c.h; path = MASCompositeConstraint.h; sourceTree = "<group>"; };
		55A7EF9022E85A920010BD1A /* NSLayoutConstraint+MASDebugAdditions.m */ = {isa = PBXFileReference; fileEncoding = 4; lastKnownFileType = sourcecode.c.objc; path = "NSLayoutConstraint+MASDebugAdditions.m"; sourceTree = "<group>"; };
		55A7EF9122E85A920010BD1A /* MASConstraint+Private.h */ = {isa = PBXFileReference; fileEncoding = 4; lastKnownFileType = sourcecode.c.h; path = "MASConstraint+Private.h"; sourceTree = "<group>"; };
		55A7EF9222E85A920010BD1A /* MASLayoutConstraint.h */ = {isa = PBXFileReference; fileEncoding = 4; lastKnownFileType = sourcecode.c.h; path = MASLayoutConstraint.h; sourceTree = "<group>"; };
		55A7EF9322E85A920010BD1A /* NSArray+MASShorthandAdditions.h */ = {isa = PBXFileReference; fileEncoding = 4; lastKnownFileType = sourcecode.c.h; path = "NSArray+MASShorthandAdditions.h"; sourceTree = "<group>"; };
		55A7EF9422E85A920010BD1A /* MASConstraintMaker.h */ = {isa = PBXFileReference; fileEncoding = 4; lastKnownFileType = sourcecode.c.h; path = MASConstraintMaker.h; sourceTree = "<group>"; };
		55A7EF9522E85A920010BD1A /* View+MASAdditions.h */ = {isa = PBXFileReference; fileEncoding = 4; lastKnownFileType = sourcecode.c.h; path = "View+MASAdditions.h"; sourceTree = "<group>"; };
		55A7EF9622E85A920010BD1A /* NSArray+MASAdditions.h */ = {isa = PBXFileReference; fileEncoding = 4; lastKnownFileType = sourcecode.c.h; path = "NSArray+MASAdditions.h"; sourceTree = "<group>"; };
		55A7EF9722E85A920010BD1A /* MASUtilities.h */ = {isa = PBXFileReference; fileEncoding = 4; lastKnownFileType = sourcecode.c.h; path = MASUtilities.h; sourceTree = "<group>"; };
		55A7EF9822E85A920010BD1A /* MASViewAttribute.h */ = {isa = PBXFileReference; fileEncoding = 4; lastKnownFileType = sourcecode.c.h; path = MASViewAttribute.h; sourceTree = "<group>"; };
		55A7EF9922E85A920010BD1A /* ViewController+MASAdditions.m */ = {isa = PBXFileReference; fileEncoding = 4; lastKnownFileType = sourcecode.c.objc; path = "ViewController+MASAdditions.m"; sourceTree = "<group>"; };
		55A7EF9A22E85A920010BD1A /* MASViewConstraint.h */ = {isa = PBXFileReference; fileEncoding = 4; lastKnownFileType = sourcecode.c.h; path = MASViewConstraint.h; sourceTree = "<group>"; };
		55A7EF9B22E85A920010BD1A /* MASConstraint.h */ = {isa = PBXFileReference; fileEncoding = 4; lastKnownFileType = sourcecode.c.h; path = MASConstraint.h; sourceTree = "<group>"; };
		55A7EF9C22E85A920010BD1A /* NSLayoutConstraint+MASDebugAdditions.h */ = {isa = PBXFileReference; fileEncoding = 4; lastKnownFileType = sourcecode.c.h; path = "NSLayoutConstraint+MASDebugAdditions.h"; sourceTree = "<group>"; };
		55A7EF9D22E85A920010BD1A /* MASCompositeConstraint.m */ = {isa = PBXFileReference; fileEncoding = 4; lastKnownFileType = sourcecode.c.objc; path = MASCompositeConstraint.m; sourceTree = "<group>"; };
		55A7EF9E22E85A920010BD1A /* MASConstraintMaker.m */ = {isa = PBXFileReference; fileEncoding = 4; lastKnownFileType = sourcecode.c.objc; path = MASConstraintMaker.m; sourceTree = "<group>"; };
		55A7EF9F22E85A920010BD1A /* MASLayoutConstraint.m */ = {isa = PBXFileReference; fileEncoding = 4; lastKnownFileType = sourcecode.c.objc; path = MASLayoutConstraint.m; sourceTree = "<group>"; };
		55A7EFA022E85A920010BD1A /* NSArray+MASAdditions.m */ = {isa = PBXFileReference; fileEncoding = 4; lastKnownFileType = sourcecode.c.objc; path = "NSArray+MASAdditions.m"; sourceTree = "<group>"; };
		55A7EFA122E85A920010BD1A /* View+MASAdditions.m */ = {isa = PBXFileReference; fileEncoding = 4; lastKnownFileType = sourcecode.c.objc; path = "View+MASAdditions.m"; sourceTree = "<group>"; };
		55A7EFA222E85A920010BD1A /* View+MASShorthandAdditions.h */ = {isa = PBXFileReference; fileEncoding = 4; lastKnownFileType = sourcecode.c.h; path = "View+MASShorthandAdditions.h"; sourceTree = "<group>"; };
		55A7EFA322E85A920010BD1A /* Masonry.h */ = {isa = PBXFileReference; fileEncoding = 4; lastKnownFileType = sourcecode.c.h; path = Masonry.h; sourceTree = "<group>"; };
		55A7EFA422E85A920010BD1A /* MASConstraint.m */ = {isa = PBXFileReference; fileEncoding = 4; lastKnownFileType = sourcecode.c.objc; path = MASConstraint.m; sourceTree = "<group>"; };
		55A7EFA522E85A920010BD1A /* ViewController+MASAdditions.h */ = {isa = PBXFileReference; fileEncoding = 4; lastKnownFileType = sourcecode.c.h; path = "ViewController+MASAdditions.h"; sourceTree = "<group>"; };
		55A7EFA622E85A920010BD1A /* MASViewConstraint.m */ = {isa = PBXFileReference; fileEncoding = 4; lastKnownFileType = sourcecode.c.objc; path = MASViewConstraint.m; sourceTree = "<group>"; };
		55A7EFA722E85A920010BD1A /* MASViewAttribute.m */ = {isa = PBXFileReference; fileEncoding = 4; lastKnownFileType = sourcecode.c.objc; path = MASViewAttribute.m; sourceTree = "<group>"; };
/* End PBXFileReference section */

/* Begin PBXFrameworksBuildPhase section */
		559EFC9E22E8521C00E2C987 /* Frameworks */ = {
			isa = PBXFrameworksBuildPhase;
			buildActionMask = 2147483647;
			files = (
			);
			runOnlyForDeploymentPostprocessing = 0;
		};
/* End PBXFrameworksBuildPhase section */

/* Begin PBXGroup section */
		559EFC9822E8521C00E2C987 = {
			isa = PBXGroup;
			children = (
				559EFCA322E8521C00E2C987 /* UIQuickDemo */,
				559EFCA222E8521C00E2C987 /* Products */,
			);
			sourceTree = "<group>";
		};
		559EFCA222E8521C00E2C987 /* Products */ = {
			isa = PBXGroup;
			children = (
				559EFCA122E8521C00E2C987 /* UIQuickDemo.app */,
			);
			name = Products;
			sourceTree = "<group>";
		};
		559EFCA322E8521C00E2C987 /* UIQuickDemo */ = {
			isa = PBXGroup;
			children = (
				55A7EF8E22E85A920010BD1A /* Masonry */,
				559EFCA422E8521C00E2C987 /* AppDelegate.h */,
				559EFCA522E8521C00E2C987 /* AppDelegate.m */,
				559EFCA722E8521C00E2C987 /* ViewController.h */,
				559EFCA822E8521C00E2C987 /* ViewController.m */,
				559EFCAA22E8521C00E2C987 /* Main.storyboard */,
				559EFCAD22E8521D00E2C987 /* Assets.xcassets */,
				559EFCAF22E8521D00E2C987 /* LaunchScreen.storyboard */,
				559EFCB222E8521D00E2C987 /* Info.plist */,
				559EFCB322E8521D00E2C987 /* main.m */,
			);
			path = UIQuickDemo;
			sourceTree = "<group>";
		};
		55A7EF8E22E85A920010BD1A /* Masonry */ = {
			isa = PBXGroup;
			children = (
				55A7EF8F22E85A920010BD1A /* MASCompositeConstraint.h */,
				55A7EF9022E85A920010BD1A /* NSLayoutConstraint+MASDebugAdditions.m */,
				55A7EF9122E85A920010BD1A /* MASConstraint+Private.h */,
				55A7EF9222E85A920010BD1A /* MASLayoutConstraint.h */,
				55A7EF9322E85A920010BD1A /* NSArray+MASShorthandAdditions.h */,
				55A7EF9422E85A920010BD1A /* MASConstraintMaker.h */,
				55A7EF9522E85A920010BD1A /* View+MASAdditions.h */,
				55A7EF9622E85A920010BD1A /* NSArray+MASAdditions.h */,
				55A7EF9722E85A920010BD1A /* MASUtilities.h */,
				55A7EF9822E85A920010BD1A /* MASViewAttribute.h */,
				55A7EF9922E85A920010BD1A /* ViewController+MASAdditions.m */,
				55A7EF9A22E85A920010BD1A /* MASViewConstraint.h */,
				55A7EF9B22E85A920010BD1A /* MASConstraint.h */,
				55A7EF9C22E85A920010BD1A /* NSLayoutConstraint+MASDebugAdditions.h */,
				55A7EF9D22E85A920010BD1A /* MASCompositeConstraint.m */,
				55A7EF9E22E85A920010BD1A /* MASConstraintMaker.m */,
				55A7EF9F22E85A920010BD1A /* MASLayoutConstraint.m */,
				55A7EFA022E85A920010BD1A /* NSArray+MASAdditions.m */,
				55A7EFA122E85A920010BD1A /* View+MASAdditions.m */,
				55A7EFA222E85A920010BD1A /* View+MASShorthandAdditions.h */,
				55A7EFA322E85A920010BD1A /* Masonry.h */,
				55A7EFA422E85A920010BD1A /* MASConstraint.m */,
				55A7EFA522E85A920010BD1A /* ViewController+MASAdditions.h */,
				55A7EFA622E85A920010BD1A /* MASViewConstraint.m */,
				55A7EFA722E85A920010BD1A /* MASViewAttribute.m */,
			);
			path = Masonry;
			sourceTree = "<group>";
		};
/* End PBXGroup section */

/* Begin PBXNativeTarget section */
		559EFCA022E8521C00E2C987 /* UIQuickDemo */ = {
			isa = PBXNativeTarget;
			buildConfigurationList = 559EFCB722E8521D00E2C987 /* Build configuration list for PBXNativeTarget "UIQuickDemo" */;
			buildPhases = (
				559EFC9D22E8521C00E2C987 /* Sources */,
				559EFC9E22E8521C00E2C987 /* Frameworks */,
				559EFC9F22E8521C00E2C987 /* Resources */,
			);
			buildRules = (
			);
			dependencies = (
			);
			name = UIQuickDemo;
			productName = UIQuickDemo;
			productReference = 559EFCA122E8521C00E2C987 /* UIQuickDemo.app */;
			productType = "com.apple.product-type.application";
		};
/* End PBXNativeTarget section */

/* Begin PBXProject section */
		559EFC9922E8521C00E2C987 /* Project object */ = {
			isa = PBXProject;
			attributes = {
				LastUpgradeCheck = 1030;
				ORGANIZATIONNAME = "蔡联庆";
				TargetAttributes = {
					559EFCA022E8521C00E2C987 = {
						CreatedOnToolsVersion = 10.3;
					};
				};
			};
			buildConfigurationList = 559EFC9C22E8521C00E2C987 /* Build configuration list for PBXProject "UIQuickDemo" */;
			compatibilityVersion = "Xcode 9.3";
			developmentRegion = en;
			hasScannedForEncodings = 0;
			knownRegions = (
				en,
				Base,
			);
			mainGroup = 559EFC9822E8521C00E2C987;
			productRefGroup = 559EFCA222E8521C00E2C987 /* Products */;
			projectDirPath = "";
			projectRoot = "";
			targets = (
				559EFCA022E8521C00E2C987 /* UIQuickDemo */,
			);
		};
/* End PBXProject section */

/* Begin PBXResourcesBuildPhase section */
		559EFC9F22E8521C00E2C987 /* Resources */ = {
			isa = PBXResourcesBuildPhase;
			buildActionMask = 2147483647;
			files = (
				559EFCB122E8521D00E2C987 /* LaunchScreen.storyboard in Resources */,
				559EFCAE22E8521D00E2C987 /* Assets.xcassets in Resources */,
				559EFCAC22E8521C00E2C987 /* Main.storyboard in Resources */,
			);
			runOnlyForDeploymentPostprocessing = 0;
		};
/* End PBXResourcesBuildPhase section */

/* Begin PBXSourcesBuildPhase section */
		559EFC9D22E8521C00E2C987 /* Sources */ = {
			isa = PBXSourcesBuildPhase;
			buildActionMask = 2147483647;
			files = (
				55A7EFB022E85A920010BD1A /* MASViewConstraint.m in Sources */,
				55A7EFB122E85A920010BD1A /* MASViewAttribute.m in Sources */,
				559EFCA922E8521C00E2C987 /* ViewController.m in Sources */,
				559EFCB422E8521D00E2C987 /* main.m in Sources */,
				55A7EFAD22E85A920010BD1A /* NSArray+MASAdditions.m in Sources */,
				55A7EFA922E85A920010BD1A /* ViewController+MASAdditions.m in Sources */,
				55A7EFAA22E85A920010BD1A /* MASCompositeConstraint.m in Sources */,
				55A7EFAE22E85A920010BD1A /* View+MASAdditions.m in Sources */,
				55A7EFAB22E85A920010BD1A /* MASConstraintMaker.m in Sources */,
				55A7EFAF22E85A920010BD1A /* MASConstraint.m in Sources */,
				55A7EFA822E85A920010BD1A /* NSLayoutConstraint+MASDebugAdditions.m in Sources */,
				55A7EFAC22E85A920010BD1A /* MASLayoutConstraint.m in Sources */,
				559EFCA622E8521C00E2C987 /* AppDelegate.m in Sources */,
			);
			runOnlyForDeploymentPostprocessing = 0;
		};
/* End PBXSourcesBuildPhase section */

/* Begin PBXVariantGroup section */
		559EFCAA22E8521C00E2C987 /* Main.storyboard */ = {
			isa = PBXVariantGroup;
			children = (
				559EFCAB22E8521C00E2C987 /* Base */,
			);
			name = Main.storyboard;
			sourceTree = "<group>";
		};
		559EFCAF22E8521D00E2C987 /* LaunchScreen.storyboard */ = {
			isa = PBXVariantGroup;
			children = (
				559EFCB022E8521D00E2C987 /* Base */,
			);
			name = LaunchScreen.storyboard;
			sourceTree = "<group>";
		};
/* End PBXVariantGroup section */

/* Begin XCBuildConfiguration section */
		559EFCB522E8521D00E2C987 /* Debug */ = {
			isa = XCBuildConfiguration;
			buildSettings = {
				ALWAYS_SEARCH_USER_PATHS = NO;
				CLANG_ANALYZER_NONNULL = YES;
				CLANG_ANALYZER_NUMBER_OBJECT_CONVERSION = YES_AGGRESSIVE;
				CLANG_CXX_LANGUAGE_STANDARD = "gnu++14";
				CLANG_CXX_LIBRARY = "libc++";
				CLANG_ENABLE_MODULES = YES;
				CLANG_ENABLE_OBJC_ARC = YES;
				CLANG_ENABLE_OBJC_WEAK = YES;
				CLANG_WARN_BLOCK_CAPTURE_AUTORELEASING = YES;
				CLANG_WARN_BOOL_CONVERSION = YES;
				CLANG_WARN_COMMA = YES;
				CLANG_WARN_CONSTANT_CONVERSION = YES;
				CLANG_WARN_DEPRECATED_OBJC_IMPLEMENTATIONS = YES;
				CLANG_WARN_DIRECT_OBJC_ISA_USAGE = YES_ERROR;
				CLANG_WARN_DOCUMENTATION_COMMENTS = YES;
				CLANG_WARN_EMPTY_BODY = YES;
				CLANG_WARN_ENUM_CONVERSION = YES;
				CLANG_WARN_INFINITE_RECURSION = YES;
				CLANG_WARN_INT_CONVERSION = YES;
				CLANG_WARN_NON_LITERAL_NULL_CONVERSION = YES;
				CLANG_WARN_OBJC_IMPLICIT_RETAIN_SELF = YES;
				CLANG_WARN_OBJC_LITERAL_CONVERSION = YES;
				CLANG_WARN_OBJC_ROOT_CLASS = YES_ERROR;
				CLANG_WARN_RANGE_LOOP_ANALYSIS = YES;
				CLANG_WARN_STRICT_PROTOTYPES = YES;
				CLANG_WARN_SUSPICIOUS_MOVE = YES;
				CLANG_WARN_UNGUARDED_AVAILABILITY = YES_AGGRESSIVE;
				CLANG_WARN_UNREACHABLE_CODE = YES;
				CLANG_WARN__DUPLICATE_METHOD_MATCH = YES;
				CODE_SIGN_IDENTITY = "iPhone Developer";
				COPY_PHASE_STRIP = NO;
				DEBUG_INFORMATION_FORMAT = dwarf;
				ENABLE_STRICT_OBJC_MSGSEND = YES;
				ENABLE_TESTABILITY = YES;
				GCC_C_LANGUAGE_STANDARD = gnu11;
				GCC_DYNAMIC_NO_PIC = NO;
				GCC_NO_COMMON_BLOCKS = YES;
				GCC_OPTIMIZATION_LEVEL = 0;
				GCC_PREPROCESSOR_DEFINITIONS = (
					"DEBUG=1",
					"$(inherited)",
				);
				GCC_WARN_64_TO_32_BIT_CONVERSION = YES;
				GCC_WARN_ABOUT_RETURN_TYPE = YES_ERROR;
				GCC_WARN_UNDECLARED_SELECTOR = YES;
				GCC_WARN_UNINITIALIZED_AUTOS = YES_AGGRESSIVE;
				GCC_WARN_UNUSED_FUNCTION = YES;
				GCC_WARN_UNUSED_VARIABLE = YES;
				IPHONEOS_DEPLOYMENT_TARGET = 12.4;
				MTL_ENABLE_DEBUG_INFO = INCLUDE_SOURCE;
				MTL_FAST_MATH = YES;
				ONLY_ACTIVE_ARCH = YES;
				SDKROOT = iphoneos;
			};
			name = Debug;
		};
		559EFCB622E8521D00E2C987 /* Release */ = {
			isa = XCBuildConfiguration;
			buildSettings = {
				ALWAYS_SEARCH_USER_PATHS = NO;
				CLANG_ANALYZER_NONNULL = YES;
				CLANG_ANALYZER_NUMBER_OBJECT_CONVERSION = YES_AGGRESSIVE;
				CLANG_CXX_LANGUAGE_STANDARD = "gnu++14";
				CLANG_CXX_LIBRARY = "libc++";
				CLANG_ENABLE_MODULES = YES;
				CLANG_ENABLE_OBJC_ARC = YES;
				CLANG_ENABLE_OBJC_WEAK = YES;
				CLANG_WARN_BLOCK_CAPTURE_AUTORELEASING = YES;
				CLANG_WARN_BOOL_CONVERSION = YES;
				CLANG_WARN_COMMA = YES;
				CLANG_WARN_CONSTANT_CONVERSION = YES;
				CLANG_WARN_DEPRECATED_OBJC_IMPLEMENTATIONS = YES;
				CLANG_WARN_DIRECT_OBJC_ISA_USAGE = YES_ERROR;
				CLANG_WARN_DOCUMENTATION_COMMENTS = YES;
				CLANG_WARN_EMPTY_BODY = YES;
				CLANG_WARN_ENUM_CONVERSION = YES;
				CLANG_WARN_INFINITE_RECURSION = YES;
				CLANG_WARN_INT_CONVERSION = YES;
				CLANG_WARN_NON_LITERAL_NULL_CONVERSION = YES;
				CLANG_WARN_OBJC_IMPLICIT_RETAIN_SELF = YES;
				CLANG_WARN_OBJC_LITERAL_CONVERSION = YES;
				CLANG_WARN_OBJC_ROOT_CLASS = YES_ERROR;
				CLANG_WARN_RANGE_LOOP_ANALYSIS = YES;
				CLANG_WARN_STRICT_PROTOTYPES = YES;
				CLANG_WARN_SUSPICIOUS_MOVE = YES;
				CLANG_WARN_UNGUARDED_AVAILABILITY = YES_AGGRESSIVE;
				CLANG_WARN_UNREACHABLE_CODE = YES;
				CLANG_WARN__DUPLICATE_METHOD_MATCH = YES;
				CODE_SIGN_IDENTITY = "iPhone Developer";
				COPY_PHASE_STRIP = NO;
				DEBUG_INFORMATION_FORMAT = "dwarf-with-dsym";
				ENABLE_NS_ASSERTIONS = NO;
				ENABLE_STRICT_OBJC_MSGSEND = YES;
				GCC_C_LANGUAGE_STANDARD = gnu11;
				GCC_NO_COMMON_BLOCKS = YES;
				GCC_WARN_64_TO_32_BIT_CONVERSION = YES;
				GCC_WARN_ABOUT_RETURN_TYPE = YES_ERROR;
				GCC_WARN_UNDECLARED_SELECTOR = YES;
				GCC_WARN_UNINITIALIZED_AUTOS = YES_AGGRESSIVE;
				GCC_WARN_UNUSED_FUNCTION = YES;
				GCC_WARN_UNUSED_VARIABLE = YES;
				IPHONEOS_DEPLOYMENT_TARGET = 12.4;
				MTL_ENABLE_DEBUG_INFO = NO;
				MTL_FAST_MATH = YES;
				SDKROOT = iphoneos;
				VALIDATE_PRODUCT = YES;
			};
			name = Release;
		};
		559EFCB822E8521D00E2C987 /* Debug */ = {
			isa = XCBuildConfiguration;
			buildSettings = {
				ASSETCATALOG_COMPILER_APPICON_NAME = AppIcon;
				CODE_SIGN_STYLE = Automatic;
				DEVELOPMENT_TEAM = 55C967NS8P;
				INFOPLIST_FILE = UIQuickDemo/Info.plist;
				IPHONEOS_DEPLOYMENT_TARGET = 10.0;
				LD_RUNPATH_SEARCH_PATHS = (
					"$(inherited)",
					"@executable_path/Frameworks",
				);
				PRODUCT_BUNDLE_IDENTIFIER = "---.UIQuickDemo";
				PRODUCT_NAME = "$(TARGET_NAME)";
				TARGETED_DEVICE_FAMILY = "1,2";
			};
			name = Debug;
		};
		559EFCB922E8521D00E2C987 /* Release */ = {
			isa = XCBuildConfiguration;
			buildSettings = {
				ASSETCATALOG_COMPILER_APPICON_NAME = AppIcon;
				CODE_SIGN_STYLE = Automatic;
				DEVELOPMENT_TEAM = 55C967NS8P;
				INFOPLIST_FILE = UIQuickDemo/Info.plist;
				IPHONEOS_DEPLOYMENT_TARGET = 10.0;
				LD_RUNPATH_SEARCH_PATHS = (
					"$(inherited)",
					"@executable_path/Frameworks",
				);
				PRODUCT_BUNDLE_IDENTIFIER = "---.UIQuickDemo";
				PRODUCT_NAME = "$(TARGET_NAME)";
				TARGETED_DEVICE_FAMILY = "1,2";
			};
			name = Release;
		};
/* End XCBuildConfiguration section */

/* Begin XCConfigurationList section */
		559EFC9C22E8521C00E2C987 /* Build configuration list for PBXProject "UIQuickDemo" */ = {
			isa = XCConfigurationList;
			buildConfigurations = (
				559EFCB522E8521D00E2C987 /* Debug */,
				559EFCB622E8521D00E2C987 /* Release */,
			);
			defaultConfigurationIsVisible = 0;
			defaultConfigurationName = Release;
		};
		559EFCB722E8521D00E2C987 /* Build configuration list for PBXNativeTarget "UIQuickDemo" */ = {
			isa = XCConfigurationList;
			buildConfigurations = (
				559EFCB822E8521D00E2C987 /* Debug */,
				559EFCB922E8521D00E2C987 /* Release */,
			);
			defaultConfigurationIsVisible = 0;
			defaultConfigurationName = Release;
		};
/* End XCConfigurationList section */
	};
	rootObject = 559EFC9922E8521C00E2C987 /* Project object */;
}
